
Microsoft Visual Studio Solution File, Format Version 12.00
# Visual Studio 15
VisualStudioVersion = 15.0.28010.2026
MinimumVisualStudioVersion = 10.0.40219.1
Project("{FAE04EC0-301F-11D3-BF4B-00C04F79EFBC}") = "Assignment", "Assignment\Assignment.csproj", "{ED29D362-5F8A-419B-8851-B189A3D82595}"
EndProject
Project("{FAE04EC0-301F-11D3-BF4B-00C04F79EFBC}") = "DAL", "DAL\DAL.csproj", "{FE402F5E-14A7-49DC-B818-F5F0217EE3BA}"
EndProject
Global
	GlobalSection(SolutionConfigurationPlatforms) = preSolution
		Debug|Any CPU = Debug|Any CPU
		Release|Any CPU = Release|Any CPU
	EndGlobalSection
	GlobalSection(ProjectConfigurationPlatforms) = postSolution
		{ED29D362-5F8A-419B-8851-B189A3D82595}.Debug|Any CPU.ActiveCfg = Debug|Any CPU
		{ED29D362-5F8A-419B-8851-B189A3D82595}.Debug|Any CPU.Build.0 = Debug|Any CPU
		{ED29D362-5F8A-419B-8851-B189A3D82595}.Release|Any CPU.ActiveCfg = Release|Any CPU
		{ED29D362-5F8A-419B-8851-B189A3D82595}.Release|Any CPU.Build.0 = Release|Any CPU
		{FE402F5E-14A7-49DC-B818-F5F0217EE3BA}.Debug|Any CPU.ActiveCfg = Debug|Any CPU
		{FE402F5E-14A7-49DC-B818-F5F0217EE3BA}.Debug|Any CPU.Build.0 = Debug|Any CPU
		{FE402F5E-14A7-49DC-B818-F5F0217EE3BA}.Release|Any CPU.ActiveCfg = Release|Any CPU
		{FE402F5E-14A7-49DC-B818-F5F0217EE3BA}.Release|Any CPU.Build.0 = Release|Any CPU
	EndGlobalSection
	GlobalSection(SolutionProperties) = preSolution
		HideSolutionNode = FALSE
	EndGlobalSection
	GlobalSection(ExtensibilityGlobals) = postSolution
		SolutionGuid = {9F3B90A8-3040-4810-9CB8-BF9BDBAFE6B0}
	EndGlobalSection
EndGlobal
